
Microsoft Visual Studio Solution File, Format Version 12.00
# Visual Studio 15
VisualStudioVersion = 15.0.28307.572
MinimumVisualStudioVersion = 10.0.40219.1
Project("{FAE04EC0-301F-11D3-BF4B-00C04F79EFBC}") = "CleanArchitecture.API", "CleanArchitecture.API\CleanArchitecture.API.csproj", "{3C60F13E-5C8A-45E5-B50C-80D7B53EC6EA}"
EndProject
Project("{2150E333-8FDC-42A3-9474-1A3956D46DE8}") = "Core", "Core", "{5EF96CF2-CD23-46B1-BAAD-3F8129BEB70A}"
EndProject
Project("{2150E333-8FDC-42A3-9474-1A3956D46DE8}") = "Presentation", "Presentation", "{C14841D0-3279-4886-979B-4D9B288250D3}"
EndProject
Project("{FAE04EC0-301F-11D3-BF4B-00C04F79EFBC}") = "CleanArchitecture.Domain", "CleanArchitecture.Domain\CleanArchitecture.Domain.csproj", "{56335D8B-24AF-4358-BD94-E17FA97C7386}"
EndProject
Project("{FAE04EC0-301F-11D3-BF4B-00C04F79EFBC}") = "CleanArchitecture.Persistence", "CleanArchitecture.Persistence\CleanArchitecture.Persistence.csproj", "{60BB8E7B-16B2-40A9-8610-360C384C3CC8}"
EndProject
Project("{2150E333-8FDC-42A3-9474-1A3956D46DE8}") = "Application", "Application", "{6149EC88-33DB-421C-A724-528FECEBEF45}"
EndProject
Project("{FAE04EC0-301F-11D3-BF4B-00C04F79EFBC}") = "CleanArchitecture.Application", "CleanArchitecture.Application\CleanArchitecture.Application.csproj", "{A58DF760-4689-4D8A-A259-B139FFA5E585}"
EndProject
Project("{FAE04EC0-301F-11D3-BF4B-00C04F79EFBC}") = "CleanArchitecture.Adapters", "CleanArchitecture.Adapters\CleanArchitecture.Adapters.csproj", "{DC31894B-EEA1-46C9-AB13-FDC2F5A578A5}"
EndProject
Global
	GlobalSection(SolutionConfigurationPlatforms) = preSolution
		Debug|Any CPU = Debug|Any CPU
		Release|Any CPU = Release|Any CPU
	EndGlobalSection
	GlobalSection(ProjectConfigurationPlatforms) = postSolution
		{3C60F13E-5C8A-45E5-B50C-80D7B53EC6EA}.Debug|Any CPU.ActiveCfg = Debug|Any CPU
		{3C60F13E-5C8A-45E5-B50C-80D7B53EC6EA}.Debug|Any CPU.Build.0 = Debug|Any CPU
		{3C60F13E-5C8A-45E5-B50C-80D7B53EC6EA}.Release|Any CPU.ActiveCfg = Release|Any CPU
		{3C60F13E-5C8A-45E5-B50C-80D7B53EC6EA}.Release|Any CPU.Build.0 = Release|Any CPU
		{56335D8B-24AF-4358-BD94-E17FA97C7386}.Debug|Any CPU.ActiveCfg = Debug|Any CPU
		{56335D8B-24AF-4358-BD94-E17FA97C7386}.Debug|Any CPU.Build.0 = Debug|Any CPU
		{56335D8B-24AF-4358-BD94-E17FA97C7386}.Release|Any CPU.ActiveCfg = Release|Any CPU
		{56335D8B-24AF-4358-BD94-E17FA97C7386}.Release|Any CPU.Build.0 = Release|Any CPU
		{60BB8E7B-16B2-40A9-8610-360C384C3CC8}.Debug|Any CPU.ActiveCfg = Debug|Any CPU
		{60BB8E7B-16B2-40A9-8610-360C384C3CC8}.Debug|Any CPU.Build.0 = Debug|Any CPU
		{60BB8E7B-16B2-40A9-8610-360C384C3CC8}.Release|Any CPU.ActiveCfg = Release|Any CPU
		{60BB8E7B-16B2-40A9-8610-360C384C3CC8}.Release|Any CPU.Build.0 = Release|Any CPU
		{A58DF760-4689-4D8A-A259-B139FFA5E585}.Debug|Any CPU.ActiveCfg = Debug|Any CPU
		{A58DF760-4689-4D8A-A259-B139FFA5E585}.Debug|Any CPU.Build.0 = Debug|Any CPU
		{A58DF760-4689-4D8A-A259-B139FFA5E585}.Release|Any CPU.ActiveCfg = Release|Any CPU
		{A58DF760-4689-4D8A-A259-B139FFA5E585}.Release|Any CPU.Build.0 = Release|Any CPU
		{DC31894B-EEA1-46C9-AB13-FDC2F5A578A5}.Debug|Any CPU.ActiveCfg = Debug|Any CPU
		{DC31894B-EEA1-46C9-AB13-FDC2F5A578A5}.Debug|Any CPU.Build.0 = Debug|Any CPU
		{DC31894B-EEA1-46C9-AB13-FDC2F5A578A5}.Release|Any CPU.ActiveCfg = Release|Any CPU
		{DC31894B-EEA1-46C9-AB13-FDC2F5A578A5}.Release|Any CPU.Build.0 = Release|Any CPU
	EndGlobalSection
	GlobalSection(SolutionProperties) = preSolution
		HideSolutionNode = FALSE
	EndGlobalSection
	GlobalSection(NestedProjects) = preSolution
		{3C60F13E-5C8A-45E5-B50C-80D7B53EC6EA} = {C14841D0-3279-4886-979B-4D9B288250D3}
		{56335D8B-24AF-4358-BD94-E17FA97C7386} = {5EF96CF2-CD23-46B1-BAAD-3F8129BEB70A}
		{60BB8E7B-16B2-40A9-8610-360C384C3CC8} = {5EF96CF2-CD23-46B1-BAAD-3F8129BEB70A}
		{A58DF760-4689-4D8A-A259-B139FFA5E585} = {6149EC88-33DB-421C-A724-528FECEBEF45}
		{DC31894B-EEA1-46C9-AB13-FDC2F5A578A5} = {6149EC88-33DB-421C-A724-528FECEBEF45}
	EndGlobalSection
	GlobalSection(ExtensibilityGlobals) = postSolution
		SolutionGuid = {73A95B3C-C725-4A20-A8B6-2A018A5DF8D0}
	EndGlobalSection
EndGlobal
